
Microsoft Visual Studio Solution File, Format Version 12.00
Project("{FAE04EC0-301F-11D3-BF4B-00C04F79EFBC}") = "UdpClub", "UdpClub\UdpClub.csproj", "{0D4CAF70-C11D-436C-B1BF-D443FB3BD1DB}"
EndProject
Project("{2150E333-8FDC-42A3-9474-1A3956D46DE8}") = "Tests", "Tests", "{A25AA56A-40D0-4799-B148-0A6AC101BE28}"
EndProject
Project("{FAE04EC0-301F-11D3-BF4B-00C04F79EFBC}") = "TestClient", "TestClient\TestClient.csproj", "{74E5ABFF-3EA3-422D-9A7D-B0B76C87C917}"
EndProject
Project("{FAE04EC0-301F-11D3-BF4B-00C04F79EFBC}") = "TestServer", "TestServer\TestServer.csproj", "{9C341995-7099-4B92-9C1C-641B1AACF0D5}"
EndProject
Project("{FAE04EC0-301F-11D3-BF4B-00C04F79EFBC}") = "UdpClubTests", "UdpClubTests\UdpClubTests.csproj", "{A60E444E-5EB9-48AE-AD46-F45FE7E586FA}"
EndProject
Project("{FAE04EC0-301F-11D3-BF4B-00C04F79EFBC}") = "TestShared", "TestShared\TestShared.csproj", "{062542EB-2391-4B50-A80E-4A7C514AAE54}"
EndProject
Project("{2150E333-8FDC-42A3-9474-1A3956D46DE8}") = "Demos", "Demos", "{851AE739-D73A-448B-80F8-89BB253E62EB}"
EndProject
Project("{FAE04EC0-301F-11D3-BF4B-00C04F79EFBC}") = "ChatApp", "ChatApp\ChatApp.csproj", "{32C2DE9B-F07C-41D1-9545-4B419D280B96}"
EndProject
Global
	GlobalSection(SolutionConfigurationPlatforms) = preSolution
		Debug|Any CPU = Debug|Any CPU
		Release|Any CPU = Release|Any CPU
	EndGlobalSection
	GlobalSection(ProjectConfigurationPlatforms) = postSolution
		{0D4CAF70-C11D-436C-B1BF-D443FB3BD1DB}.Debug|Any CPU.ActiveCfg = Debug|Any CPU
		{0D4CAF70-C11D-436C-B1BF-D443FB3BD1DB}.Debug|Any CPU.Build.0 = Debug|Any CPU
		{0D4CAF70-C11D-436C-B1BF-D443FB3BD1DB}.Release|Any CPU.ActiveCfg = Release|Any CPU
		{0D4CAF70-C11D-436C-B1BF-D443FB3BD1DB}.Release|Any CPU.Build.0 = Release|Any CPU
		{74E5ABFF-3EA3-422D-9A7D-B0B76C87C917}.Debug|Any CPU.ActiveCfg = Debug|Any CPU
		{74E5ABFF-3EA3-422D-9A7D-B0B76C87C917}.Debug|Any CPU.Build.0 = Debug|Any CPU
		{74E5ABFF-3EA3-422D-9A7D-B0B76C87C917}.Release|Any CPU.ActiveCfg = Release|Any CPU
		{74E5ABFF-3EA3-422D-9A7D-B0B76C87C917}.Release|Any CPU.Build.0 = Release|Any CPU
		{9C341995-7099-4B92-9C1C-641B1AACF0D5}.Debug|Any CPU.ActiveCfg = Debug|Any CPU
		{9C341995-7099-4B92-9C1C-641B1AACF0D5}.Debug|Any CPU.Build.0 = Debug|Any CPU
		{9C341995-7099-4B92-9C1C-641B1AACF0D5}.Release|Any CPU.ActiveCfg = Release|Any CPU
		{9C341995-7099-4B92-9C1C-641B1AACF0D5}.Release|Any CPU.Build.0 = Release|Any CPU
		{A60E444E-5EB9-48AE-AD46-F45FE7E586FA}.Debug|Any CPU.ActiveCfg = Debug|Any CPU
		{A60E444E-5EB9-48AE-AD46-F45FE7E586FA}.Debug|Any CPU.Build.0 = Debug|Any CPU
		{A60E444E-5EB9-48AE-AD46-F45FE7E586FA}.Release|Any CPU.ActiveCfg = Release|Any CPU
		{A60E444E-5EB9-48AE-AD46-F45FE7E586FA}.Release|Any CPU.Build.0 = Release|Any CPU
		{062542EB-2391-4B50-A80E-4A7C514AAE54}.Debug|Any CPU.ActiveCfg = Debug|Any CPU
		{062542EB-2391-4B50-A80E-4A7C514AAE54}.Debug|Any CPU.Build.0 = Debug|Any CPU
		{062542EB-2391-4B50-A80E-4A7C514AAE54}.Release|Any CPU.ActiveCfg = Release|Any CPU
		{062542EB-2391-4B50-A80E-4A7C514AAE54}.Release|Any CPU.Build.0 = Release|Any CPU
		{32C2DE9B-F07C-41D1-9545-4B419D280B96}.Debug|Any CPU.ActiveCfg = Debug|Any CPU
		{32C2DE9B-F07C-41D1-9545-4B419D280B96}.Debug|Any CPU.Build.0 = Debug|Any CPU
		{32C2DE9B-F07C-41D1-9545-4B419D280B96}.Release|Any CPU.ActiveCfg = Release|Any CPU
		{32C2DE9B-F07C-41D1-9545-4B419D280B96}.Release|Any CPU.Build.0 = Release|Any CPU
	EndGlobalSection
	GlobalSection(NestedProjects) = preSolution
		{74E5ABFF-3EA3-422D-9A7D-B0B76C87C917} = {A25AA56A-40D0-4799-B148-0A6AC101BE28}
		{9C341995-7099-4B92-9C1C-641B1AACF0D5} = {A25AA56A-40D0-4799-B148-0A6AC101BE28}
		{A60E444E-5EB9-48AE-AD46-F45FE7E586FA} = {A25AA56A-40D0-4799-B148-0A6AC101BE28}
		{062542EB-2391-4B50-A80E-4A7C514AAE54} = {A25AA56A-40D0-4799-B148-0A6AC101BE28}
		{32C2DE9B-F07C-41D1-9545-4B419D280B96} = {851AE739-D73A-448B-80F8-89BB253E62EB}
	EndGlobalSection
EndGlobal
